# THIS IS AN AUTOGENERATED FILE. DO NOT EDIT THIS FILE DIRECTLY.
# yarn lockfile v1


barracks@^8.3.1:
  version "8.3.2"
  resolved "https://registry.yarnpkg.com/barracks/-/barracks-8.3.2.tgz#a6a87eb4bbf8b2c6e15a476bed5b49a767198a27"
  dependencies:
    xtend "^4.0.1"

bel@^4.0.0:
  version "4.6.0"
  resolved "https://registry.yarnpkg.com/bel/-/bel-4.6.0.tgz#3ade16e236ab2204d8d1c66eac4bd573793ac999"
  dependencies:
    global "^4.3.0"
    hyperx "^2.3.0"
    on-load "^3.2.0"

choo@^3.3.0:
  version "3.3.0"
  resolved "https://registry.yarnpkg.com/choo/-/choo-3.3.0.tgz#5cb5b2d4bcb243e4090b7f53ef2e4148e908d9f1"
  dependencies:
    barracks "^8.3.1"
    document-ready "~1.0.2"
    global "^4.3.0"
    hash-match "^1.0.2"
    nanoraf "^2.1.1"
    sheet-router "^3.1.0"
    xhr "^2.2.0"
    xtend "^4.0.1"
    yo-yo "^1.2.2"

conf@^0.11.1:
  version "0.11.2"
  resolved "https://registry.yarnpkg.com/conf/-/conf-0.11.2.tgz#879f479267600483e502583462ca4063fc9779b2"
  dependencies:
    dot-prop "^3.0.0"
    env-paths "^0.3.0"
    mkdirp "^0.5.1"
    pkg-up "^1.0.0"

document-ready@~1.0.2:
  version "1.0.3"
  resolved "https://registry.yarnpkg.com/document-ready/-/document-ready-1.0.3.tgz#eed81e09b37a687c5e6d02b3f0e5706276e82727"
  dependencies:
    global "~4.3.0"

dom-walk@^0.1.0:
  version "0.1.1"
  resolved "https://registry.yarnpkg.com/dom-walk/-/dom-walk-0.1.1.tgz#672226dc74c8f799ad35307df936aba11acd6018"

dot-prop@^3.0.0:
  version "3.0.0"
  resolved "https://registry.yarnpkg.com/dot-prop/-/dot-prop-3.0.0.tgz#1b708af094a49c9a0e7dbcad790aba539dac1177"
  dependencies:
    is-obj "^1.0.0"

electron-analytics@^0.1.2:
  version "0.1.2"
  resolved "https://registry.yarnpkg.com/electron-analytics/-/electron-analytics-0.1.2.tgz#125f991a6de53bc9c958a7d157b2910e332b332c"

electron-config@^0.2.1:
  version "0.2.1"
  resolved "https://registry.yarnpkg.com/electron-config/-/electron-config-0.2.1.tgz#7e12c26412d06bf3ed3896d0479df162986b95ba"
  dependencies:
    conf "^0.11.1"

env-paths@^0.3.0:
  version "0.3.1"
  resolved "https://registry.yarnpkg.com/env-paths/-/env-paths-0.3.1.tgz#c30ccfcbc30c890943dc08a85582517ef00da463"

find-up@^1.0.0:
  version "1.1.2"
  resolved "https://registry.yarnpkg.com/find-up/-/find-up-1.1.2.tgz#6b2e9822b1a2ce0a60ab64d610eccad53cb24d0f"
  dependencies:
    path-exists "^2.0.0"
    pinkie-promise "^2.0.0"

for-each@^0.3.2:
  version "0.3.2"
  resolved "https://registry.yarnpkg.com/for-each/-/for-each-0.3.2.tgz#2c40450b9348e97f281322593ba96704b9abd4d4"
  dependencies:
    is-function "~1.0.0"

global@^4.3.0, global@~4.3.0:
  version "4.3.1"
  resolved "https://registry.yarnpkg.com/global/-/global-4.3.1.tgz#5f757908c7cbabce54f386ae440e11e26b7916df"
  dependencies:
    min-document "^2.19.0"
    process "~0.5.1"

hash-match@^1.0.2:
  version "1.0.2"
  resolved "https://registry.yarnpkg.com/hash-match/-/hash-match-1.0.2.tgz#73970d6c4c19d0e3e122f0396d5dd407f72a1266"

hyperscript-attribute-to-property@^1.0.0:
  version "1.0.0"
  resolved "https://registry.yarnpkg.com/hyperscript-attribute-to-property/-/hyperscript-attribute-to-property-1.0.0.tgz#825308d49bb8e2957923f731981bcc811cad7aff"

hyperx@^2.3.0:
  version "2.3.0"
  resolved "https://registry.yarnpkg.com/hyperx/-/hyperx-2.3.0.tgz#70f473d66d4ad550ddd1c83e4be2651276bbf1e2"
  dependencies:
    hyperscript-attribute-to-property "^1.0.0"

is-function@^1.0.1, is-function@~1.0.0:
  version "1.0.1"
  resolved "https://registry.yarnpkg.com/is-function/-/is-function-1.0.1.tgz#12cfb98b65b57dd3d193a3121f5f6e2f437602b5"

is-obj@^1.0.0:
  version "1.0.1"
  resolved "https://registry.yarnpkg.com/is-obj/-/is-obj-1.0.1.tgz#3e4729ac1f5fde025cd7d83a896dab9f4f67db0f"

min-document@^2.19.0:
  version "2.19.0"
  resolved "https://registry.yarnpkg.com/min-document/-/min-document-2.19.0.tgz#7bd282e3f5842ed295bb748cdd9f1ffa2c824685"
  dependencies:
    dom-walk "^0.1.0"

minimist@0.0.8:
  version "0.0.8"
  resolved "https://registry.yarnpkg.com/minimist/-/minimist-0.0.8.tgz#857fcabfc3397d2625b8228262e86aa7a011b05d"

mkdirp@^0.5.1:
  version "0.5.1"
  resolved "https://registry.yarnpkg.com/mkdirp/-/mkdirp-0.5.1.tgz#30057438eac6cf7f8c4767f38648d6697d75c903"
  dependencies:
    minimist "0.0.8"

morphdom@^2.1.0:
  version "2.3.2"
  resolved "https://registry.yarnpkg.com/morphdom/-/morphdom-2.3.2.tgz#6a71001f55e518f06b42e0e1f1084feaf8da2024"

nanoraf@^2.1.1:
  version "2.1.3"
  resolved "https://registry.yarnpkg.com/nanoraf/-/nanoraf-2.1.3.tgz#e11df398c59b3a65f4e10ea1b6b95a3a21350718"
  dependencies:
    global "^4.3.0"

on-load@^3.2.0:
  version "3.2.0"
  resolved "https://registry.yarnpkg.com/on-load/-/on-load-3.2.0.tgz#dd3145d3a5c2faa5666920d1df674b69f0c2f66f"
  dependencies:
    global "^4.3.0"

parse-headers@^2.0.0:
  version "2.0.1"
  resolved "https://registry.yarnpkg.com/parse-headers/-/parse-headers-2.0.1.tgz#6ae83a7aa25a9d9b700acc28698cd1f1ed7e9536"
  dependencies:
    for-each "^0.3.2"
    trim "0.0.1"

path-exists@^2.0.0:
  version "2.1.0"
  resolved "https://registry.yarnpkg.com/path-exists/-/path-exists-2.1.0.tgz#0feb6c64f0fc518d9a754dd5efb62c7022761f4b"
  dependencies:
    pinkie-promise "^2.0.0"

pathname-match@^1.1.2:
  version "1.2.0"
  resolved "https://registry.yarnpkg.com/pathname-match/-/pathname-match-1.2.0.tgz#77cb8e3db1e41e4771c4942a9e4fecb610cc2d19"

pinkie-promise@^2.0.0:
  version "2.0.1"
  resolved "https://registry.yarnpkg.com/pinkie-promise/-/pinkie-promise-2.0.1.tgz#2135d6dfa7a358c069ac9b178776288228450ffa"
  dependencies:
    pinkie "^2.0.0"

pinkie@^2.0.0:
  version "2.0.4"
  resolved "https://registry.yarnpkg.com/pinkie/-/pinkie-2.0.4.tgz#72556b80cfa0d48a974e80e77248e80ed4f7f870"

pkg-up@^1.0.0:
  version "1.0.0"
  resolved "https://registry.yarnpkg.com/pkg-up/-/pkg-up-1.0.0.tgz#3e08fb461525c4421624a33b9f7e6d0af5b05a26"
  dependencies:
    find-up "^1.0.0"

process@~0.5.1:
  version "0.5.2"
  resolved "https://registry.yarnpkg.com/process/-/process-0.5.2.tgz#1638d8a8e34c2f440a91db95ab9aeb677fc185cf"

sheet-router@^3.1.0:
  version "3.1.1"
  resolved "https://registry.yarnpkg.com/sheet-router/-/sheet-router-3.1.1.tgz#82b240a1ea910643de6dc136e01cee38cde3b4b0"
  dependencies:
    global "^4.3.0"
    pathname-match "^1.1.2"
    sliced "^1.0.1"
    wayfarer "^6.1.5"

sliced@^1.0.1:
  version "1.0.1"
  resolved "https://registry.yarnpkg.com/sliced/-/sliced-1.0.1.tgz#0b3a662b5d04c3177b1926bea82b03f837a2ef41"

trim@0.0.1:
  version "0.0.1"
  resolved "https://registry.yarnpkg.com/trim/-/trim-0.0.1.tgz#5858547f6b290757ee95cccc666fb50084c460dd"

ummoji-client@^1.0.0:
  version "1.1.1"
  resolved "https://registry.yarnpkg.com/ummoji-client/-/ummoji-client-1.1.1.tgz#8f7e4ce1cbeeed047e638dfea2876e5b203ffd21"

wayfarer@^6.1.5:
  version "6.5.0"
  resolved "https://registry.yarnpkg.com/wayfarer/-/wayfarer-6.5.0.tgz#341ed6155459bf238de6c4a8c993a98f462beee7"
  dependencies:
    xtend "^4.0.1"

xhr@^2.2.0:
  version "2.4.0"
  resolved "https://registry.yarnpkg.com/xhr/-/xhr-2.4.0.tgz#e16e66a45f869861eeefab416d5eff722dc40993"
  dependencies:
    global "~4.3.0"
    is-function "^1.0.1"
    parse-headers "^2.0.0"
    xtend "^4.0.0"

xtend@^4.0.0, xtend@^4.0.1:
  version "4.0.1"
  resolved "https://registry.yarnpkg.com/xtend/-/xtend-4.0.1.tgz#a5c6d532be656e23db820efb943a1f04998d63af"

yo-yo@^1.2.2:
  version "1.4.0"
  resolved "https://registry.yarnpkg.com/yo-yo/-/yo-yo-1.4.0.tgz#c3291e512bb4743f9eb514b9b6dbb264757e3257"
  dependencies:
    bel "^4.0.0"
    morphdom "^2.1.0"
